// !$*UTF8*$!
{
	archiveVersion = 1;
	classes = {
	};
	objectVersion = 46;
	objects = {

/* Begin PBXBuildFile section */
		800D4C031AEB57A20033738D /* main.m in Sources */ = {isa = PBXBuildFile; fileRef = 800D4C021AEB57A20033738D /* main.m */; };
		800D4C061AEB57A20033738D /* AppDelegate.m in Sources */ = {isa = PBXBuildFile; fileRef = 800D4C051AEB57A20033738D /* AppDelegate.m */; };
		800D4C091AEB57A20033738D /* ViewController.m in Sources */ = {isa = PBXBuildFile; fileRef = 800D4C081AEB57A20033738D /* ViewController.m */; };
		800D4C0C1AEB57A20033738D /* Main.storyboard in Resources */ = {isa = PBXBuildFile; fileRef = 800D4C0A1AEB57A20033738D /* Main.storyboard */; };
		800D4C0E1AEB57A20033738D /* Images.xcassets in Resources */ = {isa = PBXBuildFile; fileRef = 800D4C0D1AEB57A20033738D /* Images.xcassets */; };
		800D4C111AEB57A20033738D /* LaunchScreen.xib in Resources */ = {isa = PBXBuildFile; fileRef = 800D4C0F1AEB57A20033738D /* LaunchScreen.xib */; };
		800D4C1D1AEB57A30033738D /* StarRatingLibTests.m in Sources */ = {isa = PBXBuildFile; fileRef = 800D4C1C1AEB57A30033738D /* StarRatingLibTests.m */; };
		801489A91B07BC450077095F /* StarBtnView.m in Sources */ = {isa = PBXBuildFile; fileRef = 801489A61B07BC450077095F /* StarBtnView.m */; };
		801489AA1B07BC450077095F /* StarRatingFeedback.m in Sources */ = {isa = PBXBuildFile; fileRef = 801489A81B07BC450077095F /* StarRatingFeedback.m */; };
/* End PBXBuildFile section */

/* Begin PBXContainerItemProxy section */
		800D4C171AEB57A30033738D /* PBXContainerItemProxy */ = {
			isa = PBXContainerItemProxy;
			containerPortal = 800D4BF51AEB57A20033738D /* Project object */;
			proxyType = 1;
			remoteGlobalIDString = 800D4BFC1AEB57A20033738D;
			remoteInfo = StarRatingLib;
		};
/* End PBXContainerItemProxy section */

/* Begin PBXFileReference section */
		800D4BFD1AEB57A20033738D /* StarRatingLib.app */ = {isa = PBXFileReference; explicitFileType = wrapper.application; includeInIndex = 0; path = StarRatingLib.app; sourceTree = BUILT_PRODUCTS_DIR; };
		800D4C011AEB57A20033738D /* Info.plist */ = {isa = PBXFileReference; lastKnownFileType = text.plist.xml; path = Info.plist; sourceTree = "<group>"; };
		800D4C021AEB57A20033738D /* main.m */ = {isa = PBXFileReference; lastKnownFileType = sourcecode.c.objc; path = main.m; sourceTree = "<group>"; };
		800D4C041AEB57A20033738D /* AppDelegate.h */ = {isa = PBXFileReference; lastKnownFileType = sourcecode.c.h; path = AppDelegate.h; sourceTree = "<group>"; };
		800D4C051AEB57A20033738D /* AppDelegate.m */ = {isa = PBXFileReference; lastKnownFileType = sourcecode.c.objc; path = AppDelegate.m; sourceTree = "<group>"; };
		800D4C071AEB57A20033738D /* ViewController.h */ = {isa = PBXFileReference; lastKnownFileType = sourcecode.c.h; path = ViewController.h; sourceTree = "<group>"; };
		800D4C081AEB57A20033738D /* ViewController.m */ = {isa = PBXFileReference; lastKnownFileType = sourcecode.c.objc; path = ViewController.m; sourceTree = "<group>"; };
		800D4C0B1AEB57A20033738D /* Base */ = {isa = PBXFileReference; lastKnownFileType = file.storyboard; name = Base; path = Base.lproj/Main.storyboard; sourceTree = "<group>"; };
		800D4C0D1AEB57A20033738D /* Images.xcassets */ = {isa = PBXFileReference; lastKnownFileType = folder.assetcatalog; path = Images.xcassets; sourceTree = "<group>"; };
		800D4C101AEB57A20033738D /* Base */ = {isa = PBXFileReference; lastKnownFileType = file.xib; name = Base; path = Base.lproj/LaunchScreen.xib; sourceTree = "<group>"; };
		800D4C161AEB57A30033738D /* StarRatingLibTests.xctest */ = {isa = PBXFileReference; explicitFileType = wrapper.cfbundle; includeInIndex = 0; path = StarRatingLibTests.xctest; sourceTree = BUILT_PRODUCTS_DIR; };
		800D4C1B1AEB57A30033738D /* Info.plist */ = {isa = PBXFileReference; lastKnownFileType = text.plist.xml; path = Info.plist; sourceTree = "<group>"; };
		800D4C1C1AEB57A30033738D /* StarRatingLibTests.m */ = {isa = PBXFileReference; lastKnownFileType = sourcecode.c.objc; path = StarRatingLibTests.m; sourceTree = "<group>"; };
		801489A51B07BC450077095F /* StarBtnView.h */ = {isa = PBXFileReference; fileEncoding = 4; lastKnownFileType = sourcecode.c.h; path = StarBtnView.h; sourceTree = "<group>"; };
		801489A61B07BC450077095F /* StarBtnView.m */ = {isa = PBXFileReference; fileEncoding = 4; lastKnownFileType = sourcecode.c.objc; path = StarBtnView.m; sourceTree = "<group>"; };
		801489A71B07BC450077095F /* StarRatingFeedback.h */ = {isa = PBXFileReference; fileEncoding = 4; lastKnownFileType = sourcecode.c.h; path = StarRatingFeedback.h; sourceTree = "<group>"; };
		801489A81B07BC450077095F /* StarRatingFeedback.m */ = {isa = PBXFileReference; fileEncoding = 4; lastKnownFileType = sourcecode.c.objc; path = StarRatingFeedback.m; sourceTree = "<group>"; };
/* End PBXFileReference section */

/* Begin PBXFrameworksBuildPhase section */
		800D4BFA1AEB57A20033738D /* Frameworks */ = {
			isa = PBXFrameworksBuildPhase;
			buildActionMask = 2147483647;
			files = (
			);
			runOnlyForDeploymentPostprocessing = 0;
		};
		800D4C131AEB57A30033738D /* Frameworks */ = {
			isa = PBXFrameworksBuildPhase;
			buildActionMask = 2147483647;
			files = (
			);
			runOnlyForDeploymentPostprocessing = 0;
		};
/* End PBXFrameworksBuildPhase section */

/* Begin PBXGroup section */
		800D4BF41AEB57A20033738D = {
			isa = PBXGroup;
			children = (
				801489A41B07BC450077095F /* VVStarRatingClasses */,
				800D4BFF1AEB57A20033738D /* StarRatingLib */,
				800D4C191AEB57A30033738D /* StarRatingLibTests */,
				800D4BFE1AEB57A20033738D /* Products */,
			);
			sourceTree = "<group>";
		};
		800D4BFE1AEB57A20033738D /* Products */ = {
			isa = PBXGroup;
			children = (
				800D4BFD1AEB57A20033738D /* StarRatingLib.app */,
				800D4C161AEB57A30033738D /* StarRatingLibTests.xctest */,
			);
			name = Products;
			sourceTree = "<group>";
		};
		800D4BFF1AEB57A20033738D /* StarRatingLib */ = {
			isa = PBXGroup;
			children = (
				800D4C041AEB57A20033738D /* AppDelegate.h */,
				800D4C051AEB57A20033738D /* AppDelegate.m */,
				800D4C071AEB57A20033738D /* ViewController.h */,
				800D4C081AEB57A20033738D /* ViewController.m */,
				800D4C0A1AEB57A20033738D /* Main.storyboard */,
				800D4C0D1AEB57A20033738D /* Images.xcassets */,
				800D4C0F1AEB57A20033738D /* LaunchScreen.xib */,
				800D4C001AEB57A20033738D /* Supporting Files */,
			);
			path = StarRatingLib;
			sourceTree = "<group>";
		};
		800D4C001AEB57A20033738D /* Supporting Files */ = {
			isa = PBXGroup;
			children = (
				800D4C011AEB57A20033738D /* Info.plist */,
				800D4C021AEB57A20033738D /* main.m */,
			);
			name = "Supporting Files";
			sourceTree = "<group>";
		};
		800D4C191AEB57A30033738D /* StarRatingLibTests */ = {
			isa = PBXGroup;
			children = (
				800D4C1C1AEB57A30033738D /* StarRatingLibTests.m */,
				800D4C1A1AEB57A30033738D /* Supporting Files */,
			);
			path = StarRatingLibTests;
			sourceTree = "<group>";
		};
		800D4C1A1AEB57A30033738D /* Supporting Files */ = {
			isa = PBXGroup;
			children = (
				800D4C1B1AEB57A30033738D /* Info.plist */,
			);
			name = "Supporting Files";
			sourceTree = "<group>";
		};
		801489A41B07BC450077095F /* VVStarRatingClasses */ = {
			isa = PBXGroup;
			children = (
				801489A51B07BC450077095F /* StarBtnView.h */,
				801489A61B07BC450077095F /* StarBtnView.m */,
				801489A71B07BC450077095F /* StarRatingFeedback.h */,
				801489A81B07BC450077095F /* StarRatingFeedback.m */,
			);
			path = VVStarRatingClasses;
			sourceTree = "<group>";
		};
/* End PBXGroup section */

/* Begin PBXNativeTarget section */
		800D4BFC1AEB57A20033738D /* StarRatingLib */ = {
			isa = PBXNativeTarget;
			buildConfigurationList = 800D4C201AEB57A30033738D /* Build configuration list for PBXNativeTarget "StarRatingLib" */;
			buildPhases = (
				800D4BF91AEB57A20033738D /* Sources */,
				800D4BFA1AEB57A20033738D /* Frameworks */,
				800D4BFB1AEB57A20033738D /* Resources */,
			);
			buildRules = (
			);
			dependencies = (
			);
			name = StarRatingLib;
			productName = StarRatingLib;
			productReference = 800D4BFD1AEB57A20033738D /* StarRatingLib.app */;
			productType = "com.apple.product-type.application";
		};
		800D4C151AEB57A30033738D /* StarRatingLibTests */ = {
			isa = PBXNativeTarget;
			buildConfigurationList = 800D4C231AEB57A30033738D /* Build configuration list for PBXNativeTarget "StarRatingLibTests" */;
			buildPhases = (
				800D4C121AEB57A30033738D /* Sources */,
				800D4C131AEB57A30033738D /* Frameworks */,
				800D4C141AEB57A30033738D /* Resources */,
			);
			buildRules = (
			);
			dependencies = (
				800D4C181AEB57A30033738D /* PBXTargetDependency */,
			);
			name = StarRatingLibTests;
			productName = StarRatingLibTests;
			productReference = 800D4C161AEB57A30033738D /* StarRatingLibTests.xctest */;
			productType = "com.apple.product-type.bundle.unit-test";
		};
/* End PBXNativeTarget section */

/* Begin PBXProject section */
		800D4BF51AEB57A20033738D /* Project object */ = {
			isa = PBXProject;
			attributes = {
				LastUpgradeCheck = 0610;
				ORGANIZATIONNAME = Home;
				TargetAttributes = {
					800D4BFC1AEB57A20033738D = {
						CreatedOnToolsVersion = 6.1.1;
					};
					800D4C151AEB57A30033738D = {
						CreatedOnToolsVersion = 6.1.1;
						TestTargetID = 800D4BFC1AEB57A20033738D;
					};
				};
			};
			buildConfigurationList = 800D4BF81AEB57A20033738D /* Build configuration list for PBXProject "StarRatingLib" */;
			compatibilityVersion = "Xcode 3.2";
			developmentRegion = English;
			hasScannedForEncodings = 0;
			knownRegions = (
				en,
				Base,
			);
			mainGroup = 800D4BF41AEB57A20033738D;
			productRefGroup = 800D4BFE1AEB57A20033738D /* Products */;
			projectDirPath = "";
			projectRoot = "";
			targets = (
				800D4BFC1AEB57A20033738D /* StarRatingLib */,
				800D4C151AEB57A30033738D /* StarRatingLibTests */,
			);
		};
/* End PBXProject section */

/* Begin PBXResourcesBuildPhase section */
		800D4BFB1AEB57A20033738D /* Resources */ = {
			isa = PBXResourcesBuildPhase;
			buildActionMask = 2147483647;
			files = (
				800D4C0C1AEB57A20033738D /* Main.storyboard in Resources */,
				800D4C111AEB57A20033738D /* LaunchScreen.xib in Resources */,
				800D4C0E1AEB57A20033738D /* Images.xcassets in Resources */,
			);
			runOnlyForDeploymentPostprocessing = 0;
		};
		800D4C141AEB57A30033738D /* Resources */ = {
			isa = PBXResourcesBuildPhase;
			buildActionMask = 2147483647;
			files = (
			);
			runOnlyForDeploymentPostprocessing = 0;
		};
/* End PBXResourcesBuildPhase section */

/* Begin PBXSourcesBuildPhase section */
		800D4BF91AEB57A20033738D /* Sources */ = {
			isa = PBXSourcesBuildPhase;
			buildActionMask = 2147483647;
			files = (
				800D4C091AEB57A20033738D /* ViewController.m in Sources */,
				801489A91B07BC450077095F /* StarBtnView.m in Sources */,
				800D4C061AEB57A20033738D /* AppDelegate.m in Sources */,
				800D4C031AEB57A20033738D /* main.m in Sources */,
				801489AA1B07BC450077095F /* StarRatingFeedback.m in Sources */,
			);
			runOnlyForDeploymentPostprocessing = 0;
		};
		800D4C121AEB57A30033738D /* Sources */ = {
			isa = PBXSourcesBuildPhase;
			buildActionMask = 2147483647;
			files = (
				800D4C1D1AEB57A30033738D /* StarRatingLibTests.m in Sources */,
			);
			runOnlyForDeploymentPostprocessing = 0;
		};
/* End PBXSourcesBuildPhase section */

/* Begin PBXTargetDependency section */
		800D4C181AEB57A30033738D /* PBXTargetDependency */ = {
			isa = PBXTargetDependency;
			target = 800D4BFC1AEB57A20033738D /* StarRatingLib */;
			targetProxy = 800D4C171AEB57A30033738D /* PBXContainerItemProxy */;
		};
/* End PBXTargetDependency section */

/* Begin PBXVariantGroup section */
		800D4C0A1AEB57A20033738D /* Main.storyboard */ = {
			isa = PBXVariantGroup;
			children = (
				800D4C0B1AEB57A20033738D /* Base */,
			);
			name = Main.storyboard;
			sourceTree = "<group>";
		};
		800D4C0F1AEB57A20033738D /* LaunchScreen.xib */ = {
			isa = PBXVariantGroup;
			children = (
				800D4C101AEB57A20033738D /* Base */,
			);
			name = LaunchScreen.xib;
			sourceTree = "<group>";
		};
/* End PBXVariantGroup section */

/* Begin XCBuildConfiguration section */
		800D4C1E1AEB57A30033738D /* Debug */ = {
			isa = XCBuildConfiguration;
			buildSettings = {
				ALWAYS_SEARCH_USER_PATHS = NO;
				CLANG_CXX_LANGUAGE_STANDARD = "gnu++0x";
				CLANG_CXX_LIBRARY = "libc++";
				CLANG_ENABLE_MODULES = YES;
				CLANG_ENABLE_OBJC_ARC = YES;
				CLANG_WARN_BOOL_CONVERSION = YES;
				CLANG_WARN_CONSTANT_CONVERSION = YES;
				CLANG_WARN_DIRECT_OBJC_ISA_USAGE = YES_ERROR;
				CLANG_WARN_EMPTY_BODY = YES;
				CLANG_WARN_ENUM_CONVERSION = YES;
				CLANG_WARN_INT_CONVERSION = YES;
				CLANG_WARN_OBJC_ROOT_CLASS = YES_ERROR;
				CLANG_WARN_UNREACHABLE_CODE = YES;
				CLANG_WARN__DUPLICATE_METHOD_MATCH = YES;
				"CODE_SIGN_IDENTITY[sdk=iphoneos*]" = "iPhone Developer";
				COPY_PHASE_STRIP = NO;
				ENABLE_STRICT_OBJC_MSGSEND = YES;
				GCC_C_LANGUAGE_STANDARD = gnu99;
				GCC_DYNAMIC_NO_PIC = NO;
				GCC_OPTIMIZATION_LEVEL = 0;
				GCC_PREPROCESSOR_DEFINITIONS = (
					"DEBUG=1",
					"$(inherited)",
				);
				GCC_SYMBOLS_PRIVATE_EXTERN = NO;
				GCC_WARN_64_TO_32_BIT_CONVERSION = YES;
				GCC_WARN_ABOUT_RETURN_TYPE = YES_ERROR;
				GCC_WARN_UNDECLARED_SELECTOR = YES;
				GCC_WARN_UNINITIALIZED_AUTOS = YES_AGGRESSIVE;
				GCC_WARN_UNUSED_FUNCTION = YES;
				GCC_WARN_UNUSED_VARIABLE = YES;
				IPHONEOS_DEPLOYMENT_TARGET = 8.1;
				MTL_ENABLE_DEBUG_INFO = YES;
				ONLY_ACTIVE_ARCH = YES;
				SDKROOT = iphoneos;
			};
			name = Debug;
		};
		800D4C1F1AEB57A30033738D /* Release */ = {
			isa = XCBuildConfiguration;
			buildSettings = {
				ALWAYS_SEARCH_USER_PATHS = NO;
				CLANG_CXX_LANGUAGE_STANDARD = "gnu++0x";
				CLANG_CXX_LIBRARY = "libc++";
				CLANG_ENABLE_MODULES = YES;
				CLANG_ENABLE_OBJC_ARC = YES;
				CLANG_WARN_BOOL_CONVERSION = YES;
				CLANG_WARN_CONSTANT_CONVERSION = YES;
				CLANG_WARN_DIRECT_OBJC_ISA_USAGE = YES_ERROR;
				CLANG_WARN_EMPTY_BODY = YES;
				CLANG_WARN_ENUM_CONVERSION = YES;
				CLANG_WARN_INT_CONVERSION = YES;
				CLANG_WARN_OBJC_ROOT_CLASS = YES_ERROR;
				CLANG_WARN_UNREACHABLE_CODE = YES;
				CLANG_WARN__DUPLICATE_METHOD_MATCH = YES;
				"CODE_SIGN_IDENTITY[sdk=iphoneos*]" = "iPhone Developer";
				COPY_PHASE_STRIP = YES;
				ENABLE_NS_ASSERTIONS = NO;
				ENABLE_STRICT_OBJC_MSGSEND = YES;
				GCC_C_LANGUAGE_STANDARD = gnu99;
				GCC_WARN_64_TO_32_BIT_CONVERSION = YES;
				GCC_WARN_ABOUT_RETURN_TYPE = YES_ERROR;
				GCC_WARN_UNDECLARED_SELECTOR = YES;
				GCC_WARN_UNINITIALIZED_AUTOS = YES_AGGRESSIVE;
				GCC_WARN_UNUSED_FUNCTION = YES;
				GCC_WARN_UNUSED_VARIABLE = YES;
				IPHONEOS_DEPLOYMENT_TARGET = 8.1;
				MTL_ENABLE_DEBUG_INFO = NO;
				SDKROOT = iphoneos;
				VALIDATE_PRODUCT = YES;
			};
			name = Release;
		};
		800D4C211AEB57A30033738D /* Debug */ = {
			isa = XCBuildConfiguration;
			buildSettings = {
				ASSETCATALOG_COMPILER_APPICON_NAME = AppIcon;
				INFOPLIST_FILE = StarRatingLib/Info.plist;
				LD_RUNPATH_SEARCH_PATHS = "$(inherited) @executable_path/Frameworks";
				PRODUCT_NAME = "$(TARGET_NAME)";
			};
			name = Debug;
		};
		800D4C221AEB57A30033738D /* Release */ = {
			isa = XCBuildConfiguration;
			buildSettings = {
				ASSETCATALOG_COMPILER_APPICON_NAME = AppIcon;
				INFOPLIST_FILE = StarRatingLib/Info.plist;
				LD_RUNPATH_SEARCH_PATHS = "$(inherited) @executable_path/Frameworks";
				PRODUCT_NAME = "$(TARGET_NAME)";
			};
			name = Release;
		};
		800D4C241AEB57A30033738D /* Debug */ = {
			isa = XCBuildConfiguration;
			buildSettings = {
				BUNDLE_LOADER = "$(TEST_HOST)";
				FRAMEWORK_SEARCH_PATHS = (
					"$(SDKROOT)/Developer/Library/Frameworks",
					"$(inherited)",
				);
				GCC_PREPROCESSOR_DEFINITIONS = (
					"DEBUG=1",
					"$(inherited)",
				);
				INFOPLIST_FILE = StarRatingLibTests/Info.plist;
				LD_RUNPATH_SEARCH_PATHS = "$(inherited) @executable_path/Frameworks @loader_path/Frameworks";
				PRODUCT_NAME = "$(TARGET_NAME)";
				TEST_HOST = "$(BUILT_PRODUCTS_DIR)/StarRatingLib.app/StarRatingLib";
			};
			name = Debug;
		};
		800D4C251AEB57A30033738D /* Release */ = {
			isa = XCBuildConfiguration;
			buildSettings = {
				BUNDLE_LOADER = "$(TEST_HOST)";
				FRAMEWORK_SEARCH_PATHS = (
					"$(SDKROOT)/Developer/Library/Frameworks",
					"$(inherited)",
				);
				INFOPLIST_FILE = StarRatingLibTests/Info.plist;
				LD_RUNPATH_SEARCH_PATHS = "$(inherited) @executable_path/Frameworks @loader_path/Frameworks";
				PRODUCT_NAME = "$(TARGET_NAME)";
				TEST_HOST = "$(BUILT_PRODUCTS_DIR)/StarRatingLib.app/StarRatingLib";
			};
			name = Release;
		};
/* End XCBuildConfiguration section */

/* Begin XCConfigurationList section */
		800D4BF81AEB57A20033738D /* Build configuration list for PBXProject "StarRatingLib" */ = {
			isa = XCConfigurationList;
			buildConfigurations = (
				800D4C1E1AEB57A30033738D /* Debug */,
				800D4C1F1AEB57A30033738D /* Release */,
			);
			defaultConfigurationIsVisible = 0;
			defaultConfigurationName = Release;
		};
		800D4C201AEB57A30033738D /* Build configuration list for PBXNativeTarget "StarRatingLib" */ = {
			isa = XCConfigurationList;
			buildConfigurations = (
				800D4C211AEB57A30033738D /* Debug */,
				800D4C221AEB57A30033738D /* Release */,
			);
			defaultConfigurationIsVisible = 0;
			defaultConfigurationName = Release;
		};
		800D4C231AEB57A30033738D /* Build configuration list for PBXNativeTarget "StarRatingLibTests" */ = {
			isa = XCConfigurationList;
			buildConfigurations = (
				800D4C241AEB57A30033738D /* Debug */,
				800D4C251AEB57A30033738D /* Release */,
			);
			defaultConfigurationIsVisible = 0;
			defaultConfigurationName = Release;
		};
/* End XCConfigurationList section */
	};
	rootObject = 800D4BF51AEB57A20033738D /* Project object */;
}
